
Microsoft Visual Studio Solution File, Format Version 12.00
# Visual Studio Version 17
VisualStudioVersion = 17.3.32929.385
MinimumVisualStudioVersion = 10.0.40219.1
Project("{FAE04EC0-301F-11D3-BF4B-00C04F79EFBC}") = "VeterinariaTP", "VeterinariaTP.csproj", "{BBD9BE1A-BD87-437A-A31E-CA942CB4F290}"
EndProject
Global
	GlobalSection(SolutionConfigurationPlatforms) = preSolution
		Debug|Any CPU = Debug|Any CPU
		Release|Any CPU = Release|Any CPU
	EndGlobalSection
	GlobalSection(ProjectConfigurationPlatforms) = postSolution
		{BBD9BE1A-BD87-437A-A31E-CA942CB4F290}.Debug|Any CPU.ActiveCfg = Debug|Any CPU
		{BBD9BE1A-BD87-437A-A31E-CA942CB4F290}.Debug|Any CPU.Build.0 = Debug|Any CPU
		{BBD9BE1A-BD87-437A-A31E-CA942CB4F290}.Release|Any CPU.ActiveCfg = Release|Any CPU
		{BBD9BE1A-BD87-437A-A31E-CA942CB4F290}.Release|Any CPU.Build.0 = Release|Any CPU
	EndGlobalSection
	GlobalSection(SolutionProperties) = preSolution
		HideSolutionNode = FALSE
	EndGlobalSection
	GlobalSection(ExtensibilityGlobals) = postSolution
		SolutionGuid = {D0724528-4748-429E-B233-E91380D40315}
	EndGlobalSection
EndGlobal
